Microsoft Visual Studio Solution File, Format Version 12.00
# Visual Studio Version 17
VisualStudioVersion = 17.5.2.0
MinimumVisualStudioVersion = 10.0.40219.1
Project("{FAE04EC0-301F-11D3-BF4B-00C04F79EFBC}") = "ipdfreely", "ipdfreely.csproj", "{4FAEF656-AA3D-00DC-17A0-92F59752951C}"
EndProject
Global
	GlobalSection(SolutionConfigurationPlatforms) = preSolution
		Debug|Any CPU = Debug|Any CPU
		Release|Any CPU = Release|Any CPU
	EndGlobalSection
	GlobalSection(ProjectConfigurationPlatforms) = postSolution
		{4FAEF656-AA3D-00DC-17A0-92F59752951C}.Debug|Any CPU.ActiveCfg = Debug|Any CPU
		{4FAEF656-AA3D-00DC-17A0-92F59752951C}.Debug|Any CPU.Build.0 = Debug|Any CPU
		{4FAEF656-AA3D-00DC-17A0-92F59752951C}.Release|Any CPU.ActiveCfg = Release|Any CPU
		{4FAEF656-AA3D-00DC-17A0-92F59752951C}.Release|Any CPU.Build.0 = Release|Any CPU
	EndGlobalSection
	GlobalSection(SolutionProperties) = preSolution
		HideSolutionNode = FALSE
	EndGlobalSection
	GlobalSection(ExtensibilityGlobals) = postSolution
		SolutionGuid = {9BFEA066-6859-49C7-AC0C-0A2A8970DDB8}
	EndGlobalSection
EndGlobal
