
Microsoft Visual Studio Solution File, Format Version 12.00
# Visual Studio Version 17
VisualStudioVersion = 17.5.2.0
MinimumVisualStudioVersion = 10.0.40219.1
Project("{FAE04EC0-301F-11D3-BF4B-00C04F79EFBC}") = "ipdfreely", "ipdfreely.csproj", "{4FAEF656-AA3D-00DC-17A0-92F59752951C}"
EndProject
Project("{FAE04EC0-301F-11D3-BF4B-00C04F79EFBC}") = "ipdfreely.Tests", "ipdfreely.Tests\ipdfreely.Tests.csproj", "{EDFAA7A7-0A5F-4746-8049-DA3019F8885D}"
EndProject
Global
	GlobalSection(SolutionConfigurationPlatforms) = preSolution
		Debug|Any CPU = Debug|Any CPU
		Debug|x64 = Debug|x64
		Debug|x86 = Debug|x86
		Release|Any CPU = Release|Any CPU
		Release|x64 = Release|x64
		Release|x86 = Release|x86
	EndGlobalSection
	GlobalSection(ProjectConfigurationPlatforms) = postSolution
		{4FAEF656-AA3D-00DC-17A0-92F59752951C}.Debug|Any CPU.ActiveCfg = Debug|Any CPU
		{4FAEF656-AA3D-00DC-17A0-92F59752951C}.Debug|Any CPU.Build.0 = Debug|Any CPU
		{4FAEF656-AA3D-00DC-17A0-92F59752951C}.Debug|x64.ActiveCfg = Debug|Any CPU
		{4FAEF656-AA3D-00DC-17A0-92F59752951C}.Debug|x64.Build.0 = Debug|Any CPU
		{4FAEF656-AA3D-00DC-17A0-92F59752951C}.Debug|x86.ActiveCfg = Debug|Any CPU
		{4FAEF656-AA3D-00DC-17A0-92F59752951C}.Debug|x86.Build.0 = Debug|Any CPU
		{4FAEF656-AA3D-00DC-17A0-92F59752951C}.Release|Any CPU.ActiveCfg = Release|Any CPU
		{4FAEF656-AA3D-00DC-17A0-92F59752951C}.Release|Any CPU.Build.0 = Release|Any CPU
		{4FAEF656-AA3D-00DC-17A0-92F59752951C}.Release|x64.ActiveCfg = Release|Any CPU
		{4FAEF656-AA3D-00DC-17A0-92F59752951C}.Release|x64.Build.0 = Release|Any CPU
		{4FAEF656-AA3D-00DC-17A0-92F59752951C}.Release|x86.ActiveCfg = Release|Any CPU
		{4FAEF656-AA3D-00DC-17A0-92F59752951C}.Release|x86.Build.0 = Release|Any CPU
		{EDFAA7A7-0A5F-4746-8049-DA3019F8885D}.Debug|Any CPU.ActiveCfg = Debug|Any CPU
		{EDFAA7A7-0A5F-4746-8049-DA3019F8885D}.Debug|Any CPU.Build.0 = Debug|Any CPU
		{EDFAA7A7-0A5F-4746-8049-DA3019F8885D}.Debug|x64.ActiveCfg = Debug|Any CPU
		{EDFAA7A7-0A5F-4746-8049-DA3019F8885D}.Debug|x64.Build.0 = Debug|Any CPU
		{EDFAA7A7-0A5F-4746-8049-DA3019F8885D}.Debug|x86.ActiveCfg = Debug|Any CPU
		{EDFAA7A7-0A5F-4746-8049-DA3019F8885D}.Debug|x86.Build.0 = Debug|Any CPU
		{EDFAA7A7-0A5F-4746-8049-DA3019F8885D}.Release|Any CPU.ActiveCfg = Release|Any CPU
		{EDFAA7A7-0A5F-4746-8049-DA3019F8885D}.Release|Any CPU.Build.0 = Release|Any CPU
		{EDFAA7A7-0A5F-4746-8049-DA3019F8885D}.Release|x64.ActiveCfg = Release|Any CPU
		{EDFAA7A7-0A5F-4746-8049-DA3019F8885D}.Release|x64.Build.0 = Release|Any CPU
		{EDFAA7A7-0A5F-4746-8049-DA3019F8885D}.Release|x86.ActiveCfg = Release|Any CPU
		{EDFAA7A7-0A5F-4746-8049-DA3019F8885D}.Release|x86.Build.0 = Release|Any CPU
	EndGlobalSection
	GlobalSection(SolutionProperties) = preSolution
		HideSolutionNode = FALSE
	EndGlobalSection
	GlobalSection(ExtensibilityGlobals) = postSolution
		SolutionGuid = {9BFEA066-6859-49C7-AC0C-0A2A8970DDB8}
	EndGlobalSection
EndGlobal
